
Microsoft Visual Studio Solution File, Format Version 12.00
# Visual Studio Version 16
VisualStudioVersion = 16.0.32228.343
MinimumVisualStudioVersion = 10.0.40219.1
Project("{FAE04EC0-301F-11D3-BF4B-00C04F79EFBC}") = "WebAPIApp", "WebAPIApp\WebAPIApp.csproj", "{94807005-D77F-4D61-82C3-6194244693B7}"
EndProject
Global
	GlobalSection(SolutionConfigurationPlatforms) = preSolution
		Debug|Any CPU = Debug|Any CPU
		Release|Any CPU = Release|Any CPU
	EndGlobalSection
	GlobalSection(ProjectConfigurationPlatforms) = postSolution
		{94807005-D77F-4D61-82C3-6194244693B7}.Debug|Any CPU.ActiveCfg = Debug|Any CPU
		{94807005-D77F-4D61-82C3-6194244693B7}.Debug|Any CPU.Build.0 = Debug|Any CPU
		{94807005-D77F-4D61-82C3-6194244693B7}.Release|Any CPU.ActiveCfg = Release|Any CPU
		{94807005-D77F-4D61-82C3-6194244693B7}.Release|Any CPU.Build.0 = Release|Any CPU
	EndGlobalSection
	GlobalSection(SolutionProperties) = preSolution
		HideSolutionNode = FALSE
	EndGlobalSection
	GlobalSection(ExtensibilityGlobals) = postSolution
		SolutionGuid = {2557871B-D9D4-4AE1-A222-38ADA0E8BCD1}
	EndGlobalSection
EndGlobal
